
Microsoft Visual Studio Solution File, Format Version 10.00
# Visual C# Express 2008
Project("{FAE04EC0-301F-11D3-BF4B-00C04F79EFBC}") = "prj_clsPartial", "prj_clsPartial\prj_clsPartial.csproj", "{61F5F374-FB93-4A26-93BD-126BA8903D0B}"
EndProject
Global
	GlobalSection(SolutionConfigurationPlatforms) = preSolution
		Debug|Any CPU = Debug|Any CPU
		Release|Any CPU = Release|Any CPU
	EndGlobalSection
	GlobalSection(ProjectConfigurationPlatforms) = postSolution
		{61F5F374-FB93-4A26-93BD-126BA8903D0B}.Debug|Any CPU.ActiveCfg = Debug|Any CPU
		{61F5F374-FB93-4A26-93BD-126BA8903D0B}.Debug|Any CPU.Build.0 = Debug|Any CPU
		{61F5F374-FB93-4A26-93BD-126BA8903D0B}.Release|Any CPU.ActiveCfg = Release|Any CPU
		{61F5F374-FB93-4A26-93BD-126BA8903D0B}.Release|Any CPU.Build.0 = Release|Any CPU
	EndGlobalSection
	GlobalSection(SolutionProperties) = preSolution
		HideSolutionNode = FALSE
	EndGlobalSection
EndGlobal
