
Microsoft Visual Studio Solution File, Format Version 10.00
# Visual Studio 2008
Project("{8BC9CEB8-8B4A-11D0-8D11-00A0C91BC942}") = "prj_Sprite", "prj_Sprite.vcproj", "{40FB9970-5287-4DF5-B3F3-0C005485F307}"
EndProject
Global
	GlobalSection(SolutionConfigurationPlatforms) = preSolution
		Debug|Win32 = Debug|Win32
		Release|Win32 = Release|Win32
	EndGlobalSection
	GlobalSection(ProjectConfigurationPlatforms) = postSolution
		{40FB9970-5287-4DF5-B3F3-0C005485F307}.Debug|Win32.ActiveCfg = Debug|Win32
		{40FB9970-5287-4DF5-B3F3-0C005485F307}.Debug|Win32.Build.0 = Debug|Win32
		{40FB9970-5287-4DF5-B3F3-0C005485F307}.Release|Win32.ActiveCfg = Release|Win32
		{40FB9970-5287-4DF5-B3F3-0C005485F307}.Release|Win32.Build.0 = Release|Win32
	EndGlobalSection
	GlobalSection(SolutionProperties) = preSolution
		HideSolutionNode = FALSE
	EndGlobalSection
EndGlobal
