
Microsoft Visual Studio Solution File, Format Version 10.00
# Visual C++ Express 2008
Project("{8BC9CEB8-8B4A-11D0-8D11-00A0C91BC942}") = "esqueleto-gdk", "esqueleto-gdk\esqueleto-gdk.vcproj", "{315707E7-B0BE-4DE3-AAB6-13A927951FE9}"
EndProject
Global
	GlobalSection(SolutionConfigurationPlatforms) = preSolution
		Debug|Win32 = Debug|Win32
		Release|Win32 = Release|Win32
	EndGlobalSection
	GlobalSection(ProjectConfigurationPlatforms) = postSolution
		{315707E7-B0BE-4DE3-AAB6-13A927951FE9}.Debug|Win32.ActiveCfg = Debug|Win32
		{315707E7-B0BE-4DE3-AAB6-13A927951FE9}.Debug|Win32.Build.0 = Debug|Win32
		{315707E7-B0BE-4DE3-AAB6-13A927951FE9}.Release|Win32.ActiveCfg = Release|Win32
		{315707E7-B0BE-4DE3-AAB6-13A927951FE9}.Release|Win32.Build.0 = Release|Win32
	EndGlobalSection
	GlobalSection(SolutionProperties) = preSolution
		HideSolutionNode = FALSE
	EndGlobalSection
EndGlobal
