
Microsoft Visual Studio Solution File, Format Version 10.00
# Visual C# Express 2008
Project("{FAE04EC0-301F-11D3-BF4B-00C04F79EFBC}") = "prj_Indexer", "prj_Indexer\prj_Indexer.csproj", "{F6B555CC-C5DF-421E-AE0A-885B70BE45A6}"
EndProject
Global
	GlobalSection(SolutionConfigurationPlatforms) = preSolution
		Debug|Any CPU = Debug|Any CPU
		Release|Any CPU = Release|Any CPU
	EndGlobalSection
	GlobalSection(ProjectConfigurationPlatforms) = postSolution
		{F6B555CC-C5DF-421E-AE0A-885B70BE45A6}.Debug|Any CPU.ActiveCfg = Debug|Any CPU
		{F6B555CC-C5DF-421E-AE0A-885B70BE45A6}.Debug|Any CPU.Build.0 = Debug|Any CPU
		{F6B555CC-C5DF-421E-AE0A-885B70BE45A6}.Release|Any CPU.ActiveCfg = Release|Any CPU
		{F6B555CC-C5DF-421E-AE0A-885B70BE45A6}.Release|Any CPU.Build.0 = Release|Any CPU
	EndGlobalSection
	GlobalSection(SolutionProperties) = preSolution
		HideSolutionNode = FALSE
	EndGlobalSection
EndGlobal
