
Microsoft Visual Studio Solution File, Format Version 10.00
# Visual C++ Express 2008
Project("{8BC9CEB8-8B4A-11D0-8D11-00A0C91BC942}") = "primitivas", "primitivas\primitivas.vcproj", "{552F5FC2-90C0-45B5-8A7C-57710F05DDDD}"
EndProject
Global
	GlobalSection(SolutionConfigurationPlatforms) = preSolution
		Debug|Win32 = Debug|Win32
		Release|Win32 = Release|Win32
	EndGlobalSection
	GlobalSection(ProjectConfigurationPlatforms) = postSolution
		{552F5FC2-90C0-45B5-8A7C-57710F05DDDD}.Debug|Win32.ActiveCfg = Debug|Win32
		{552F5FC2-90C0-45B5-8A7C-57710F05DDDD}.Debug|Win32.Build.0 = Debug|Win32
		{552F5FC2-90C0-45B5-8A7C-57710F05DDDD}.Release|Win32.ActiveCfg = Release|Win32
		{552F5FC2-90C0-45B5-8A7C-57710F05DDDD}.Release|Win32.Build.0 = Release|Win32
	EndGlobalSection
	GlobalSection(SolutionProperties) = preSolution
		HideSolutionNode = FALSE
	EndGlobalSection
EndGlobal
