
Microsoft Visual Studio Solution File, Format Version 10.00
# Visual C# Express 2008
Project("{FAE04EC0-301F-11D3-BF4B-00C04F79EFBC}") = "prj_tcpServer", "prj_tcpServer\prj_tcpServer.csproj", "{CA35D220-E5E3-472C-8BCF-8CA6C7060EA1}"
EndProject
Global
	GlobalSection(SolutionConfigurationPlatforms) = preSolution
		Debug|Any CPU = Debug|Any CPU
		Release|Any CPU = Release|Any CPU
	EndGlobalSection
	GlobalSection(ProjectConfigurationPlatforms) = postSolution
		{CA35D220-E5E3-472C-8BCF-8CA6C7060EA1}.Debug|Any CPU.ActiveCfg = Debug|Any CPU
		{CA35D220-E5E3-472C-8BCF-8CA6C7060EA1}.Debug|Any CPU.Build.0 = Debug|Any CPU
		{CA35D220-E5E3-472C-8BCF-8CA6C7060EA1}.Release|Any CPU.ActiveCfg = Release|Any CPU
		{CA35D220-E5E3-472C-8BCF-8CA6C7060EA1}.Release|Any CPU.Build.0 = Release|Any CPU
	EndGlobalSection
	GlobalSection(SolutionProperties) = preSolution
		HideSolutionNode = FALSE
	EndGlobalSection
EndGlobal
