
Microsoft Visual Studio Solution File, Format Version 10.00
# Visual C++ Express 2008
Project("{8BC9CEB8-8B4A-11D0-8D11-00A0C91BC942}") = "utilidades", "utilidades\utilidades.vcproj", "{D1397369-3D52-4A29-BC99-83B5B15724D6}"
EndProject
Global
	GlobalSection(SolutionConfigurationPlatforms) = preSolution
		Debug|Win32 = Debug|Win32
		Release|Win32 = Release|Win32
	EndGlobalSection
	GlobalSection(ProjectConfigurationPlatforms) = postSolution
		{D1397369-3D52-4A29-BC99-83B5B15724D6}.Debug|Win32.ActiveCfg = Debug|Win32
		{D1397369-3D52-4A29-BC99-83B5B15724D6}.Debug|Win32.Build.0 = Debug|Win32
		{D1397369-3D52-4A29-BC99-83B5B15724D6}.Release|Win32.ActiveCfg = Release|Win32
		{D1397369-3D52-4A29-BC99-83B5B15724D6}.Release|Win32.Build.0 = Release|Win32
	EndGlobalSection
	GlobalSection(SolutionProperties) = preSolution
		HideSolutionNode = FALSE
	EndGlobalSection
EndGlobal
