
Microsoft Visual Studio Solution File, Format Version 10.00
# Visual C# Express 2008
Project("{FAE04EC0-301F-11D3-BF4B-00C04F79EFBC}") = "prj_classe02", "prj_classe02\prj_classe02.csproj", "{16A26C83-C95F-49BA-A046-17436FFC0A64}"
EndProject
Global
	GlobalSection(SolutionConfigurationPlatforms) = preSolution
		Debug|Any CPU = Debug|Any CPU
		Release|Any CPU = Release|Any CPU
	EndGlobalSection
	GlobalSection(ProjectConfigurationPlatforms) = postSolution
		{16A26C83-C95F-49BA-A046-17436FFC0A64}.Debug|Any CPU.ActiveCfg = Debug|Any CPU
		{16A26C83-C95F-49BA-A046-17436FFC0A64}.Debug|Any CPU.Build.0 = Debug|Any CPU
		{16A26C83-C95F-49BA-A046-17436FFC0A64}.Release|Any CPU.ActiveCfg = Release|Any CPU
		{16A26C83-C95F-49BA-A046-17436FFC0A64}.Release|Any CPU.Build.0 = Release|Any CPU
	EndGlobalSection
	GlobalSection(SolutionProperties) = preSolution
		HideSolutionNode = FALSE
	EndGlobalSection
EndGlobal
