
Microsoft Visual Studio Solution File, Format Version 10.00
# Visual C++ Express 2008
Project("{8BC9CEB8-8B4A-11D0-8D11-00A0C91BC942}") = "scandir02", "scandir02\scandir02.vcproj", "{FEC5CE04-CF60-4E4C-8408-DEBF8FF49F93}"
EndProject
Global
	GlobalSection(SolutionConfigurationPlatforms) = preSolution
		Debug|Win32 = Debug|Win32
		Release|Win32 = Release|Win32
	EndGlobalSection
	GlobalSection(ProjectConfigurationPlatforms) = postSolution
		{FEC5CE04-CF60-4E4C-8408-DEBF8FF49F93}.Debug|Win32.ActiveCfg = Debug|Win32
		{FEC5CE04-CF60-4E4C-8408-DEBF8FF49F93}.Debug|Win32.Build.0 = Debug|Win32
		{FEC5CE04-CF60-4E4C-8408-DEBF8FF49F93}.Release|Win32.ActiveCfg = Release|Win32
		{FEC5CE04-CF60-4E4C-8408-DEBF8FF49F93}.Release|Win32.Build.0 = Release|Win32
	EndGlobalSection
	GlobalSection(SolutionProperties) = preSolution
		HideSolutionNode = FALSE
	EndGlobalSection
EndGlobal
