
Microsoft Visual Studio Solution File, Format Version 10.00
# Visual Studio 2008
Project("{FAE04EC0-301F-11D3-BF4B-00C04F79EFBC}") = "prj_Lab02", "prj_Lab02\prj_Lab01.csproj", "{C04DE7ED-19A0-44E5-8FA7-37EB9B1A9152}"
EndProject
Global
	GlobalSection(SolutionConfigurationPlatforms) = preSolution
		Debug|Any CPU = Debug|Any CPU
		Debug|x86 = Debug|x86
		Release|Any CPU = Release|Any CPU
		Release|x86 = Release|x86
	EndGlobalSection
	GlobalSection(ProjectConfigurationPlatforms) = postSolution
		{C04DE7ED-19A0-44E5-8FA7-37EB9B1A9152}.Debug|Any CPU.ActiveCfg = Debug|Any CPU
		{C04DE7ED-19A0-44E5-8FA7-37EB9B1A9152}.Debug|Any CPU.Build.0 = Debug|Any CPU
		{C04DE7ED-19A0-44E5-8FA7-37EB9B1A9152}.Debug|x86.ActiveCfg = Debug|x86
		{C04DE7ED-19A0-44E5-8FA7-37EB9B1A9152}.Debug|x86.Build.0 = Debug|x86
		{C04DE7ED-19A0-44E5-8FA7-37EB9B1A9152}.Release|Any CPU.ActiveCfg = Release|Any CPU
		{C04DE7ED-19A0-44E5-8FA7-37EB9B1A9152}.Release|Any CPU.Build.0 = Release|Any CPU
		{C04DE7ED-19A0-44E5-8FA7-37EB9B1A9152}.Release|x86.ActiveCfg = Release|x86
		{C04DE7ED-19A0-44E5-8FA7-37EB9B1A9152}.Release|x86.Build.0 = Release|x86
	EndGlobalSection
	GlobalSection(SolutionProperties) = preSolution
		HideSolutionNode = FALSE
	EndGlobalSection
EndGlobal
