
Microsoft Visual Studio Solution File, Format Version 10.00
# Visual C++ Express 2008
Project("{8BC9CEB8-8B4A-11D0-8D11-00A0C91BC942}") = "matrix04altura", "matrix04altura\matrix04altura.vcproj", "{967394AE-F704-4FA3-9444-D0D42757A7CC}"
EndProject
Global
	GlobalSection(SolutionConfigurationPlatforms) = preSolution
		Debug|Win32 = Debug|Win32
		Release|Win32 = Release|Win32
	EndGlobalSection
	GlobalSection(ProjectConfigurationPlatforms) = postSolution
		{967394AE-F704-4FA3-9444-D0D42757A7CC}.Debug|Win32.ActiveCfg = Debug|Win32
		{967394AE-F704-4FA3-9444-D0D42757A7CC}.Debug|Win32.Build.0 = Debug|Win32
		{967394AE-F704-4FA3-9444-D0D42757A7CC}.Release|Win32.ActiveCfg = Release|Win32
		{967394AE-F704-4FA3-9444-D0D42757A7CC}.Release|Win32.Build.0 = Release|Win32
	EndGlobalSection
	GlobalSection(SolutionProperties) = preSolution
		HideSolutionNode = FALSE
	EndGlobalSection
EndGlobal
