
Microsoft Visual Studio Solution File, Format Version 10.00
# Visual C++ Express 2008
Project("{8BC9CEB8-8B4A-11D0-8D11-00A0C91BC942}") = "camera01", "camera01\camera01.vcproj", "{6834F517-9CEE-46B9-863A-CEB8EAF7C39F}"
EndProject
Global
	GlobalSection(SolutionConfigurationPlatforms) = preSolution
		Debug|Win32 = Debug|Win32
		Release|Win32 = Release|Win32
	EndGlobalSection
	GlobalSection(ProjectConfigurationPlatforms) = postSolution
		{6834F517-9CEE-46B9-863A-CEB8EAF7C39F}.Debug|Win32.ActiveCfg = Debug|Win32
		{6834F517-9CEE-46B9-863A-CEB8EAF7C39F}.Debug|Win32.Build.0 = Debug|Win32
		{6834F517-9CEE-46B9-863A-CEB8EAF7C39F}.Release|Win32.ActiveCfg = Release|Win32
		{6834F517-9CEE-46B9-863A-CEB8EAF7C39F}.Release|Win32.Build.0 = Release|Win32
	EndGlobalSection
	GlobalSection(SolutionProperties) = preSolution
		HideSolutionNode = FALSE
	EndGlobalSection
EndGlobal
