
Microsoft Visual Studio Solution File, Format Version 10.00
# Visual C++ Express 2008
Project("{8BC9CEB8-8B4A-11D0-8D11-00A0C91BC942}") = "janela02", "janela02\janela02.vcproj", "{BC033639-11AA-4CC8-BCCE-F049F81F4CE2}"
EndProject
Global
	GlobalSection(SolutionConfigurationPlatforms) = preSolution
		Debug|Win32 = Debug|Win32
		Release|Win32 = Release|Win32
	EndGlobalSection
	GlobalSection(ProjectConfigurationPlatforms) = postSolution
		{BC033639-11AA-4CC8-BCCE-F049F81F4CE2}.Debug|Win32.ActiveCfg = Debug|Win32
		{BC033639-11AA-4CC8-BCCE-F049F81F4CE2}.Debug|Win32.Build.0 = Debug|Win32
		{BC033639-11AA-4CC8-BCCE-F049F81F4CE2}.Release|Win32.ActiveCfg = Release|Win32
		{BC033639-11AA-4CC8-BCCE-F049F81F4CE2}.Release|Win32.Build.0 = Release|Win32
	EndGlobalSection
	GlobalSection(SolutionProperties) = preSolution
		HideSolutionNode = FALSE
	EndGlobalSection
EndGlobal
