
Microsoft Visual Studio Solution File, Format Version 10.00
# Visual Studio 2008
Project("{8BC9CEB8-8B4A-11D0-8D11-00A0C91BC942}") = "prj_Modelo3d", "prj_Modelo3d.vcproj", "{BBC265E2-4192-4024-9FB8-E43040AAB539}"
EndProject
Global
	GlobalSection(SolutionConfigurationPlatforms) = preSolution
		Debug|Win32 = Debug|Win32
		Release|Win32 = Release|Win32
	EndGlobalSection
	GlobalSection(ProjectConfigurationPlatforms) = postSolution
		{BBC265E2-4192-4024-9FB8-E43040AAB539}.Debug|Win32.ActiveCfg = Debug|Win32
		{BBC265E2-4192-4024-9FB8-E43040AAB539}.Debug|Win32.Build.0 = Debug|Win32
		{BBC265E2-4192-4024-9FB8-E43040AAB539}.Release|Win32.ActiveCfg = Release|Win32
		{BBC265E2-4192-4024-9FB8-E43040AAB539}.Release|Win32.Build.0 = Release|Win32
	EndGlobalSection
	GlobalSection(SolutionProperties) = preSolution
		HideSolutionNode = FALSE
	EndGlobalSection
EndGlobal
