
Microsoft Visual Studio Solution File, Format Version 10.00
# Visual C# Express 2008
Project("{FAE04EC0-301F-11D3-BF4B-00C04F79EFBC}") = "prj_Texto", "prj_Texto\prj_Texto.csproj", "{A8563316-7FDC-4F9E-A781-2FD3300CEABF}"
EndProject
Global
	GlobalSection(SolutionConfigurationPlatforms) = preSolution
		Debug|Any CPU = Debug|Any CPU
		Release|Any CPU = Release|Any CPU
	EndGlobalSection
	GlobalSection(ProjectConfigurationPlatforms) = postSolution
		{A8563316-7FDC-4F9E-A781-2FD3300CEABF}.Debug|Any CPU.ActiveCfg = Debug|Any CPU
		{A8563316-7FDC-4F9E-A781-2FD3300CEABF}.Debug|Any CPU.Build.0 = Debug|Any CPU
		{A8563316-7FDC-4F9E-A781-2FD3300CEABF}.Release|Any CPU.ActiveCfg = Release|Any CPU
		{A8563316-7FDC-4F9E-A781-2FD3300CEABF}.Release|Any CPU.Build.0 = Release|Any CPU
	EndGlobalSection
	GlobalSection(SolutionProperties) = preSolution
		HideSolutionNode = FALSE
	EndGlobalSection
EndGlobal
