
Microsoft Visual Studio Solution File, Format Version 10.00
# Visual C++ Express 2008
Project("{8BC9CEB8-8B4A-11D0-8D11-00A0C91BC942}") = "tst_imagens", "tst_imagens\tst_imagens.vcproj", "{7A2B049A-0688-426B-9491-55D80DBB5875}"
EndProject
Global
	GlobalSection(SolutionConfigurationPlatforms) = preSolution
		Debug|Win32 = Debug|Win32
		Release|Win32 = Release|Win32
	EndGlobalSection
	GlobalSection(ProjectConfigurationPlatforms) = postSolution
		{7A2B049A-0688-426B-9491-55D80DBB5875}.Debug|Win32.ActiveCfg = Debug|Win32
		{7A2B049A-0688-426B-9491-55D80DBB5875}.Debug|Win32.Build.0 = Debug|Win32
		{7A2B049A-0688-426B-9491-55D80DBB5875}.Release|Win32.ActiveCfg = Release|Win32
		{7A2B049A-0688-426B-9491-55D80DBB5875}.Release|Win32.Build.0 = Release|Win32
	EndGlobalSection
	GlobalSection(SolutionProperties) = preSolution
		HideSolutionNode = FALSE
	EndGlobalSection
EndGlobal
