
Microsoft Visual Studio Solution File, Format Version 10.00
# Visual C++ Express 2008
Project("{8BC9CEB8-8B4A-11D0-8D11-00A0C91BC942}") = "terrain01", "terrain01\terrain01.vcproj", "{0610B3B5-B839-4073-95FC-3C1FC4DA64C2}"
EndProject
Global
	GlobalSection(SolutionConfigurationPlatforms) = preSolution
		Debug|Win32 = Debug|Win32
		Release|Win32 = Release|Win32
	EndGlobalSection
	GlobalSection(ProjectConfigurationPlatforms) = postSolution
		{0610B3B5-B839-4073-95FC-3C1FC4DA64C2}.Debug|Win32.ActiveCfg = Debug|Win32
		{0610B3B5-B839-4073-95FC-3C1FC4DA64C2}.Debug|Win32.Build.0 = Debug|Win32
		{0610B3B5-B839-4073-95FC-3C1FC4DA64C2}.Release|Win32.ActiveCfg = Release|Win32
		{0610B3B5-B839-4073-95FC-3C1FC4DA64C2}.Release|Win32.Build.0 = Release|Win32
	EndGlobalSection
	GlobalSection(SolutionProperties) = preSolution
		HideSolutionNode = FALSE
	EndGlobalSection
EndGlobal
