
Microsoft Visual Studio Solution File, Format Version 10.00
# Visual C# Express 2008
Project("{FAE04EC0-301F-11D3-BF4B-00C04F79EFBC}") = "testArray", "testArray\testArray.csproj", "{D1B0A39E-6CBA-42D8-ABE0-3B658C3D93D1}"
EndProject
Global
	GlobalSection(SolutionConfigurationPlatforms) = preSolution
		Debug|Any CPU = Debug|Any CPU
		Release|Any CPU = Release|Any CPU
	EndGlobalSection
	GlobalSection(ProjectConfigurationPlatforms) = postSolution
		{D1B0A39E-6CBA-42D8-ABE0-3B658C3D93D1}.Debug|Any CPU.ActiveCfg = Debug|Any CPU
		{D1B0A39E-6CBA-42D8-ABE0-3B658C3D93D1}.Debug|Any CPU.Build.0 = Debug|Any CPU
		{D1B0A39E-6CBA-42D8-ABE0-3B658C3D93D1}.Release|Any CPU.ActiveCfg = Release|Any CPU
		{D1B0A39E-6CBA-42D8-ABE0-3B658C3D93D1}.Release|Any CPU.Build.0 = Release|Any CPU
	EndGlobalSection
	GlobalSection(SolutionProperties) = preSolution
		HideSolutionNode = FALSE
	EndGlobalSection
EndGlobal
