
Microsoft Visual Studio Solution File, Format Version 10.00
# Visual C# Express 2008
Project("{FAE04EC0-301F-11D3-BF4B-00C04F79EFBC}") = "testStruct", "testStruct\testStruct.csproj", "{DAADA57E-3086-481A-B42C-66E5599A8F5E}"
EndProject
Global
	GlobalSection(SolutionConfigurationPlatforms) = preSolution
		Debug|Any CPU = Debug|Any CPU
		Release|Any CPU = Release|Any CPU
	EndGlobalSection
	GlobalSection(ProjectConfigurationPlatforms) = postSolution
		{DAADA57E-3086-481A-B42C-66E5599A8F5E}.Debug|Any CPU.ActiveCfg = Debug|Any CPU
		{DAADA57E-3086-481A-B42C-66E5599A8F5E}.Debug|Any CPU.Build.0 = Debug|Any CPU
		{DAADA57E-3086-481A-B42C-66E5599A8F5E}.Release|Any CPU.ActiveCfg = Release|Any CPU
		{DAADA57E-3086-481A-B42C-66E5599A8F5E}.Release|Any CPU.Build.0 = Release|Any CPU
	EndGlobalSection
	GlobalSection(SolutionProperties) = preSolution
		HideSolutionNode = FALSE
	EndGlobalSection
EndGlobal
