
Microsoft Visual Studio Solution File, Format Version 10.00
# Visual Studio 2008
Project("{8BC9CEB8-8B4A-11D0-8D11-00A0C91BC942}") = "prj_Triangulo3d", "prj_Triangulo3d.vcproj", "{D30CB5B9-EA6F-4AE6-A773-CE72BF36C7FD}"
EndProject
Global
	GlobalSection(SolutionConfigurationPlatforms) = preSolution
		Debug|Win32 = Debug|Win32
		Release|Win32 = Release|Win32
	EndGlobalSection
	GlobalSection(ProjectConfigurationPlatforms) = postSolution
		{D30CB5B9-EA6F-4AE6-A773-CE72BF36C7FD}.Debug|Win32.ActiveCfg = Debug|Win32
		{D30CB5B9-EA6F-4AE6-A773-CE72BF36C7FD}.Debug|Win32.Build.0 = Debug|Win32
		{D30CB5B9-EA6F-4AE6-A773-CE72BF36C7FD}.Release|Win32.ActiveCfg = Release|Win32
		{D30CB5B9-EA6F-4AE6-A773-CE72BF36C7FD}.Release|Win32.Build.0 = Release|Win32
	EndGlobalSection
	GlobalSection(SolutionProperties) = preSolution
		HideSolutionNode = FALSE
	EndGlobalSection
EndGlobal
