
Microsoft Visual Studio Solution File, Format Version 10.00
# Visual Studio 2008
Project("{8BC9CEB8-8B4A-11D0-8D11-00A0C91BC942}") = "prj_Janela", "prj_Janela.vcproj", "{ECA983F9-0E41-4E7D-AB8A-9B63A83C58E0}"
EndProject
Global
	GlobalSection(SolutionConfigurationPlatforms) = preSolution
		Debug|Win32 = Debug|Win32
		Release|Win32 = Release|Win32
	EndGlobalSection
	GlobalSection(ProjectConfigurationPlatforms) = postSolution
		{ECA983F9-0E41-4E7D-AB8A-9B63A83C58E0}.Debug|Win32.ActiveCfg = Debug|Win32
		{ECA983F9-0E41-4E7D-AB8A-9B63A83C58E0}.Debug|Win32.Build.0 = Debug|Win32
		{ECA983F9-0E41-4E7D-AB8A-9B63A83C58E0}.Release|Win32.ActiveCfg = Release|Win32
		{ECA983F9-0E41-4E7D-AB8A-9B63A83C58E0}.Release|Win32.Build.0 = Release|Win32
	EndGlobalSection
	GlobalSection(SolutionProperties) = preSolution
		HideSolutionNode = FALSE
	EndGlobalSection
EndGlobal
