
Microsoft Visual Studio Solution File, Format Version 10.00
# Visual C++ Express 2008
Project("{8BC9CEB8-8B4A-11D0-8D11-00A0C91BC942}") = "teclado01", "teclado01\teclado01.vcproj", "{60896EC8-E73C-4F15-9729-BBF870519366}"
EndProject
Global
	GlobalSection(SolutionConfigurationPlatforms) = preSolution
		Debug|Win32 = Debug|Win32
		Release|Win32 = Release|Win32
	EndGlobalSection
	GlobalSection(ProjectConfigurationPlatforms) = postSolution
		{60896EC8-E73C-4F15-9729-BBF870519366}.Debug|Win32.ActiveCfg = Debug|Win32
		{60896EC8-E73C-4F15-9729-BBF870519366}.Debug|Win32.Build.0 = Debug|Win32
		{60896EC8-E73C-4F15-9729-BBF870519366}.Release|Win32.ActiveCfg = Release|Win32
		{60896EC8-E73C-4F15-9729-BBF870519366}.Release|Win32.Build.0 = Release|Win32
	EndGlobalSection
	GlobalSection(SolutionProperties) = preSolution
		HideSolutionNode = FALSE
	EndGlobalSection
EndGlobal
