
Microsoft Visual Studio Solution File, Format Version 10.00
# Visual Studio 2008
Project("{8BC9CEB8-8B4A-11D0-8D11-00A0C91BC942}") = "prj_Dispositivo", "prj_Dispositivo.vcproj", "{BAEE2691-9ADE-4C41-B76F-B732F6BBF2D8}"
EndProject
Global
	GlobalSection(SolutionConfigurationPlatforms) = preSolution
		Debug|Win32 = Debug|Win32
		Release|Win32 = Release|Win32
	EndGlobalSection
	GlobalSection(ProjectConfigurationPlatforms) = postSolution
		{BAEE2691-9ADE-4C41-B76F-B732F6BBF2D8}.Debug|Win32.ActiveCfg = Debug|Win32
		{BAEE2691-9ADE-4C41-B76F-B732F6BBF2D8}.Debug|Win32.Build.0 = Debug|Win32
		{BAEE2691-9ADE-4C41-B76F-B732F6BBF2D8}.Release|Win32.ActiveCfg = Release|Win32
		{BAEE2691-9ADE-4C41-B76F-B732F6BBF2D8}.Release|Win32.Build.0 = Release|Win32
	EndGlobalSection
	GlobalSection(SolutionProperties) = preSolution
		HideSolutionNode = FALSE
	EndGlobalSection
EndGlobal
