
Microsoft Visual Studio Solution File, Format Version 10.00
# Visual C++ Express 2008
Project("{8BC9CEB8-8B4A-11D0-8D11-00A0C91BC942}") = "colisao", "colisao\colisao.vcproj", "{467E3427-93E2-4C70-AA3A-83EB40394D13}"
EndProject
Global
	GlobalSection(SolutionConfigurationPlatforms) = preSolution
		Debug|Win32 = Debug|Win32
		Release|Win32 = Release|Win32
	EndGlobalSection
	GlobalSection(ProjectConfigurationPlatforms) = postSolution
		{467E3427-93E2-4C70-AA3A-83EB40394D13}.Debug|Win32.ActiveCfg = Debug|Win32
		{467E3427-93E2-4C70-AA3A-83EB40394D13}.Debug|Win32.Build.0 = Debug|Win32
		{467E3427-93E2-4C70-AA3A-83EB40394D13}.Release|Win32.ActiveCfg = Release|Win32
		{467E3427-93E2-4C70-AA3A-83EB40394D13}.Release|Win32.Build.0 = Release|Win32
	EndGlobalSection
	GlobalSection(SolutionProperties) = preSolution
		HideSolutionNode = FALSE
	EndGlobalSection
EndGlobal
