
Microsoft Visual Studio Solution File, Format Version 10.00
# Visual C++ Express 2008
Project("{8BC9CEB8-8B4A-11D0-8D11-00A0C91BC942}") = "ScanDir", "ScanDir\ScanDir.vcproj", "{36D990E8-A7FD-4587-A892-16F0AE3276EF}"
EndProject
Global
	GlobalSection(SolutionConfigurationPlatforms) = preSolution
		Debug|Win32 = Debug|Win32
		Release|Win32 = Release|Win32
	EndGlobalSection
	GlobalSection(ProjectConfigurationPlatforms) = postSolution
		{36D990E8-A7FD-4587-A892-16F0AE3276EF}.Debug|Win32.ActiveCfg = Debug|Win32
		{36D990E8-A7FD-4587-A892-16F0AE3276EF}.Debug|Win32.Build.0 = Debug|Win32
		{36D990E8-A7FD-4587-A892-16F0AE3276EF}.Release|Win32.ActiveCfg = Release|Win32
		{36D990E8-A7FD-4587-A892-16F0AE3276EF}.Release|Win32.Build.0 = Release|Win32
	EndGlobalSection
	GlobalSection(SolutionProperties) = preSolution
		HideSolutionNode = FALSE
	EndGlobalSection
EndGlobal
