
Microsoft Visual Studio Solution File, Format Version 10.00
# Visual Studio 2008
Project("{8BC9CEB8-8B4A-11D0-8D11-00A0C91BC942}") = "prj_Teclado01", "prj_Teclado01.vcproj", "{C6976BFD-B7FB-4BE6-ABA0-08602169132B}"
EndProject
Global
	GlobalSection(SolutionConfigurationPlatforms) = preSolution
		Debug|Win32 = Debug|Win32
		Release|Win32 = Release|Win32
	EndGlobalSection
	GlobalSection(ProjectConfigurationPlatforms) = postSolution
		{C6976BFD-B7FB-4BE6-ABA0-08602169132B}.Debug|Win32.ActiveCfg = Debug|Win32
		{C6976BFD-B7FB-4BE6-ABA0-08602169132B}.Debug|Win32.Build.0 = Debug|Win32
		{C6976BFD-B7FB-4BE6-ABA0-08602169132B}.Release|Win32.ActiveCfg = Release|Win32
		{C6976BFD-B7FB-4BE6-ABA0-08602169132B}.Release|Win32.Build.0 = Release|Win32
	EndGlobalSection
	GlobalSection(SolutionProperties) = preSolution
		HideSolutionNode = FALSE
	EndGlobalSection
EndGlobal
