
Microsoft Visual Studio Solution File, Format Version 10.00
# Visual C++ Express 2008
Project("{8BC9CEB8-8B4A-11D0-8D11-00A0C91BC942}") = "myfloats", "myfloats\myfloats.vcproj", "{CF7A501B-4141-4444-9793-E8A171FBD735}"
EndProject
Global
	GlobalSection(SolutionConfigurationPlatforms) = preSolution
		Debug|Win32 = Debug|Win32
		Release|Win32 = Release|Win32
	EndGlobalSection
	GlobalSection(ProjectConfigurationPlatforms) = postSolution
		{CF7A501B-4141-4444-9793-E8A171FBD735}.Debug|Win32.ActiveCfg = Debug|Win32
		{CF7A501B-4141-4444-9793-E8A171FBD735}.Debug|Win32.Build.0 = Debug|Win32
		{CF7A501B-4141-4444-9793-E8A171FBD735}.Release|Win32.ActiveCfg = Release|Win32
		{CF7A501B-4141-4444-9793-E8A171FBD735}.Release|Win32.Build.0 = Release|Win32
	EndGlobalSection
	GlobalSection(SolutionProperties) = preSolution
		HideSolutionNode = FALSE
	EndGlobalSection
EndGlobal
