
Microsoft Visual Studio Solution File, Format Version 10.00
# Visual C++ Express 2008
Project("{8BC9CEB8-8B4A-11D0-8D11-00A0C91BC942}") = "tst_som", "tst_som\tst_som.vcproj", "{760FBB6D-25BE-4D3C-AD7C-18710BD259DF}"
EndProject
Global
	GlobalSection(SolutionConfigurationPlatforms) = preSolution
		Debug|Win32 = Debug|Win32
		Release|Win32 = Release|Win32
	EndGlobalSection
	GlobalSection(ProjectConfigurationPlatforms) = postSolution
		{760FBB6D-25BE-4D3C-AD7C-18710BD259DF}.Debug|Win32.ActiveCfg = Debug|Win32
		{760FBB6D-25BE-4D3C-AD7C-18710BD259DF}.Debug|Win32.Build.0 = Debug|Win32
		{760FBB6D-25BE-4D3C-AD7C-18710BD259DF}.Release|Win32.ActiveCfg = Release|Win32
		{760FBB6D-25BE-4D3C-AD7C-18710BD259DF}.Release|Win32.Build.0 = Release|Win32
	EndGlobalSection
	GlobalSection(SolutionProperties) = preSolution
		HideSolutionNode = FALSE
	EndGlobalSection
EndGlobal
