
Microsoft Visual Studio Solution File, Format Version 10.00
# Visual C++ Express 2008
Project("{8BC9CEB8-8B4A-11D0-8D11-00A0C91BC942}") = "movesprite", "movesprite\movesprite.vcproj", "{F13E0184-2382-4322-B543-BB371D824DAC}"
EndProject
Global
	GlobalSection(SolutionConfigurationPlatforms) = preSolution
		Debug|Win32 = Debug|Win32
		Release|Win32 = Release|Win32
	EndGlobalSection
	GlobalSection(ProjectConfigurationPlatforms) = postSolution
		{F13E0184-2382-4322-B543-BB371D824DAC}.Debug|Win32.ActiveCfg = Debug|Win32
		{F13E0184-2382-4322-B543-BB371D824DAC}.Debug|Win32.Build.0 = Debug|Win32
		{F13E0184-2382-4322-B543-BB371D824DAC}.Release|Win32.ActiveCfg = Release|Win32
		{F13E0184-2382-4322-B543-BB371D824DAC}.Release|Win32.Build.0 = Release|Win32
	EndGlobalSection
	GlobalSection(SolutionProperties) = preSolution
		HideSolutionNode = FALSE
	EndGlobalSection
EndGlobal
