
Microsoft Visual Studio Solution File, Format Version 10.00
# Visual Studio 2008
Project("{8BC9CEB8-8B4A-11D0-8D11-00A0C91BC942}") = "prj_Indexbuffer01", "prj_Indexbuffer01.vcproj", "{85F5BEFB-1E73-449F-BA81-4B97776B85C4}"
EndProject
Global
	GlobalSection(SolutionConfigurationPlatforms) = preSolution
		Debug|Win32 = Debug|Win32
		Release|Win32 = Release|Win32
	EndGlobalSection
	GlobalSection(ProjectConfigurationPlatforms) = postSolution
		{85F5BEFB-1E73-449F-BA81-4B97776B85C4}.Debug|Win32.ActiveCfg = Debug|Win32
		{85F5BEFB-1E73-449F-BA81-4B97776B85C4}.Debug|Win32.Build.0 = Debug|Win32
		{85F5BEFB-1E73-449F-BA81-4B97776B85C4}.Release|Win32.ActiveCfg = Release|Win32
		{85F5BEFB-1E73-449F-BA81-4B97776B85C4}.Release|Win32.Build.0 = Release|Win32
	EndGlobalSection
	GlobalSection(SolutionProperties) = preSolution
		HideSolutionNode = FALSE
	EndGlobalSection
EndGlobal
