
Microsoft Visual Studio Solution File, Format Version 10.00
# Visual C++ Express 2008
Project("{8BC9CEB8-8B4A-11D0-8D11-00A0C91BC942}") = "instalador", "instalador\instalador.vcproj", "{120C0C0E-00DD-4A96-B530-8C0F9CFBA189}"
EndProject
Global
	GlobalSection(SolutionConfigurationPlatforms) = preSolution
		Debug|Win32 = Debug|Win32
		Release|Win32 = Release|Win32
	EndGlobalSection
	GlobalSection(ProjectConfigurationPlatforms) = postSolution
		{120C0C0E-00DD-4A96-B530-8C0F9CFBA189}.Debug|Win32.ActiveCfg = Debug|Win32
		{120C0C0E-00DD-4A96-B530-8C0F9CFBA189}.Debug|Win32.Build.0 = Debug|Win32
		{120C0C0E-00DD-4A96-B530-8C0F9CFBA189}.Release|Win32.ActiveCfg = Release|Win32
		{120C0C0E-00DD-4A96-B530-8C0F9CFBA189}.Release|Win32.Build.0 = Release|Win32
	EndGlobalSection
	GlobalSection(SolutionProperties) = preSolution
		HideSolutionNode = FALSE
	EndGlobalSection
EndGlobal
