
Microsoft Visual Studio Solution File, Format Version 10.00
# Visual C++ Express 2008
Project("{8BC9CEB8-8B4A-11D0-8D11-00A0C91BC942}") = "movimentos", "movimentos\movimentos.vcproj", "{6689B009-8AA9-4E90-807F-E777D7E2C6A0}"
EndProject
Global
	GlobalSection(SolutionConfigurationPlatforms) = preSolution
		Debug|Win32 = Debug|Win32
		Release|Win32 = Release|Win32
	EndGlobalSection
	GlobalSection(ProjectConfigurationPlatforms) = postSolution
		{6689B009-8AA9-4E90-807F-E777D7E2C6A0}.Debug|Win32.ActiveCfg = Debug|Win32
		{6689B009-8AA9-4E90-807F-E777D7E2C6A0}.Debug|Win32.Build.0 = Debug|Win32
		{6689B009-8AA9-4E90-807F-E777D7E2C6A0}.Release|Win32.ActiveCfg = Release|Win32
		{6689B009-8AA9-4E90-807F-E777D7E2C6A0}.Release|Win32.Build.0 = Release|Win32
	EndGlobalSection
	GlobalSection(SolutionProperties) = preSolution
		HideSolutionNode = FALSE
	EndGlobalSection
EndGlobal
