
Microsoft Visual Studio Solution File, Format Version 10.00
# Visual C++ Express 2008
Project("{8BC9CEB8-8B4A-11D0-8D11-00A0C91BC942}") = "matrix02tex", "matrix02tex\matrix02tex.vcproj", "{91E2CD33-697B-4898-A4E1-61ADB290A670}"
EndProject
Global
	GlobalSection(SolutionConfigurationPlatforms) = preSolution
		Debug|Win32 = Debug|Win32
		Release|Win32 = Release|Win32
	EndGlobalSection
	GlobalSection(ProjectConfigurationPlatforms) = postSolution
		{91E2CD33-697B-4898-A4E1-61ADB290A670}.Debug|Win32.ActiveCfg = Debug|Win32
		{91E2CD33-697B-4898-A4E1-61ADB290A670}.Debug|Win32.Build.0 = Debug|Win32
		{91E2CD33-697B-4898-A4E1-61ADB290A670}.Release|Win32.ActiveCfg = Release|Win32
		{91E2CD33-697B-4898-A4E1-61ADB290A670}.Release|Win32.Build.0 = Release|Win32
	EndGlobalSection
	GlobalSection(SolutionProperties) = preSolution
		HideSolutionNode = FALSE
	EndGlobalSection
EndGlobal
